
Microsoft Visual Studio Solution File, Format Version 12.00
# Visual Studio Version 16
VisualStudioVersion = 16.0.31729.503
MinimumVisualStudioVersion = 10.0.40219.1
Project("{FAE04EC0-301F-11D3-BF4B-00C04F79EFBC}") = "PJ_9.2", "PJ_9.2\PJ_9.2.csproj", "{06873DE1-FAC5-4155-9442-25F572AD8B8D}"
EndProject
Global
	GlobalSection(SolutionConfigurationPlatforms) = preSolution
		Debug|Any CPU = Debug|Any CPU
		Release|Any CPU = Release|Any CPU
	EndGlobalSection
	GlobalSection(ProjectConfigurationPlatforms) = postSolution
		{06873DE1-FAC5-4155-9442-25F572AD8B8D}.Debug|Any CPU.ActiveCfg = Debug|Any CPU
		{06873DE1-FAC5-4155-9442-25F572AD8B8D}.Debug|Any CPU.Build.0 = Debug|Any CPU
		{06873DE1-FAC5-4155-9442-25F572AD8B8D}.Release|Any CPU.ActiveCfg = Release|Any CPU
		{06873DE1-FAC5-4155-9442-25F572AD8B8D}.Release|Any CPU.Build.0 = Release|Any CPU
	EndGlobalSection
	GlobalSection(SolutionProperties) = preSolution
		HideSolutionNode = FALSE
	EndGlobalSection
	GlobalSection(ExtensibilityGlobals) = postSolution
		SolutionGuid = {3B84BAAD-751D-4F5C-B34F-7C12A3767718}
	EndGlobalSection
EndGlobal
