
Microsoft Visual Studio Solution File, Format Version 12.00
# Visual Studio Version 17
VisualStudioVersion = 17.1.32421.90
MinimumVisualStudioVersion = 10.0.40219.1
Project("{FAE04EC0-301F-11D3-BF4B-00C04F79EFBC}") = "Project9.2", "Project9.2\Project9.2.csproj", "{70FE8BD0-E3AD-4B4E-88F9-9C000584B6E2}"
EndProject
Global
	GlobalSection(SolutionConfigurationPlatforms) = preSolution
		Debug|Any CPU = Debug|Any CPU
		Release|Any CPU = Release|Any CPU
	EndGlobalSection
	GlobalSection(ProjectConfigurationPlatforms) = postSolution
		{70FE8BD0-E3AD-4B4E-88F9-9C000584B6E2}.Debug|Any CPU.ActiveCfg = Debug|Any CPU
		{70FE8BD0-E3AD-4B4E-88F9-9C000584B6E2}.Debug|Any CPU.Build.0 = Debug|Any CPU
		{70FE8BD0-E3AD-4B4E-88F9-9C000584B6E2}.Release|Any CPU.ActiveCfg = Release|Any CPU
		{70FE8BD0-E3AD-4B4E-88F9-9C000584B6E2}.Release|Any CPU.Build.0 = Release|Any CPU
	EndGlobalSection
	GlobalSection(SolutionProperties) = preSolution
		HideSolutionNode = FALSE
	EndGlobalSection
	GlobalSection(ExtensibilityGlobals) = postSolution
		SolutionGuid = {B7F5B97D-0970-4600-8A6B-D0FA8321F73A}
	EndGlobalSection
EndGlobal
