
Microsoft Visual Studio Solution File, Format Version 12.00
# Visual Studio Version 16
VisualStudioVersion = 16.0.32126.315
MinimumVisualStudioVersion = 10.0.40219.1
Project("{FAE04EC0-301F-11D3-BF4B-00C04F79EFBC}") = "Project9.2", "Project9.2\Project9.2.csproj", "{26C7DC36-A7EA-4AB8-9E97-82C83F2412D6}"
EndProject
Global
	GlobalSection(SolutionConfigurationPlatforms) = preSolution
		Debug|Any CPU = Debug|Any CPU
		Release|Any CPU = Release|Any CPU
	EndGlobalSection
	GlobalSection(ProjectConfigurationPlatforms) = postSolution
		{26C7DC36-A7EA-4AB8-9E97-82C83F2412D6}.Debug|Any CPU.ActiveCfg = Debug|Any CPU
		{26C7DC36-A7EA-4AB8-9E97-82C83F2412D6}.Debug|Any CPU.Build.0 = Debug|Any CPU
		{26C7DC36-A7EA-4AB8-9E97-82C83F2412D6}.Release|Any CPU.ActiveCfg = Release|Any CPU
		{26C7DC36-A7EA-4AB8-9E97-82C83F2412D6}.Release|Any CPU.Build.0 = Release|Any CPU
	EndGlobalSection
	GlobalSection(SolutionProperties) = preSolution
		HideSolutionNode = FALSE
	EndGlobalSection
	GlobalSection(ExtensibilityGlobals) = postSolution
		SolutionGuid = {C555300F-4561-4EF6-BB7A-2FD0CAE5168F}
	EndGlobalSection
EndGlobal
