
Microsoft Visual Studio Solution File, Format Version 12.00
# Visual Studio Version 16
VisualStudioVersion = 16.0.32126.315
MinimumVisualStudioVersion = 10.0.40219.1
Project("{FAE04EC0-301F-11D3-BF4B-00C04F79EFBC}") = "Project 9.2", "Project 9.2\Project 9.2.csproj", "{DECB666A-01D9-4E03-9816-BD5448328CDE}"
EndProject
Global
	GlobalSection(SolutionConfigurationPlatforms) = preSolution
		Debug|Any CPU = Debug|Any CPU
		Release|Any CPU = Release|Any CPU
	EndGlobalSection
	GlobalSection(ProjectConfigurationPlatforms) = postSolution
		{DECB666A-01D9-4E03-9816-BD5448328CDE}.Debug|Any CPU.ActiveCfg = Debug|Any CPU
		{DECB666A-01D9-4E03-9816-BD5448328CDE}.Debug|Any CPU.Build.0 = Debug|Any CPU
		{DECB666A-01D9-4E03-9816-BD5448328CDE}.Release|Any CPU.ActiveCfg = Release|Any CPU
		{DECB666A-01D9-4E03-9816-BD5448328CDE}.Release|Any CPU.Build.0 = Release|Any CPU
	EndGlobalSection
	GlobalSection(SolutionProperties) = preSolution
		HideSolutionNode = FALSE
	EndGlobalSection
	GlobalSection(ExtensibilityGlobals) = postSolution
		SolutionGuid = {7214D8F1-BB0C-489C-B79E-E17CB962B9D3}
	EndGlobalSection
EndGlobal
