
Microsoft Visual Studio Solution File, Format Version 12.00
# Visual Studio Version 17
VisualStudioVersion = 17.2.32505.173
MinimumVisualStudioVersion = 10.0.40219.1
Project("{FAE04EC0-301F-11D3-BF4B-00C04F79EFBC}") = "ject9.2", "ject9.2\ject9.2.csproj", "{29DE6B32-9320-440F-8949-E99E4C2181A1}"
EndProject
Global
	GlobalSection(SolutionConfigurationPlatforms) = preSolution
		Debug|Any CPU = Debug|Any CPU
		Release|Any CPU = Release|Any CPU
	EndGlobalSection
	GlobalSection(ProjectConfigurationPlatforms) = postSolution
		{29DE6B32-9320-440F-8949-E99E4C2181A1}.Debug|Any CPU.ActiveCfg = Debug|Any CPU
		{29DE6B32-9320-440F-8949-E99E4C2181A1}.Debug|Any CPU.Build.0 = Debug|Any CPU
		{29DE6B32-9320-440F-8949-E99E4C2181A1}.Release|Any CPU.ActiveCfg = Release|Any CPU
		{29DE6B32-9320-440F-8949-E99E4C2181A1}.Release|Any CPU.Build.0 = Release|Any CPU
	EndGlobalSection
	GlobalSection(SolutionProperties) = preSolution
		HideSolutionNode = FALSE
	EndGlobalSection
	GlobalSection(ExtensibilityGlobals) = postSolution
		SolutionGuid = {68F0D821-C97D-4237-A32D-CD950FA6DB91}
	EndGlobalSection
EndGlobal
