
Microsoft Visual Studio Solution File, Format Version 12.00
# Visual Studio Version 17
VisualStudioVersion = 17.0.32112.339
MinimumVisualStudioVersion = 10.0.40219.1
Project("{FAE04EC0-301F-11D3-BF4B-00C04F79EFBC}") = "Project9.1", "Project9.1\Project9.1.csproj", "{4CEB9B5C-2FFF-4BE2-A210-DDAED4D1FAEE}"
EndProject
Global
	GlobalSection(SolutionConfigurationPlatforms) = preSolution
		Debug|Any CPU = Debug|Any CPU
		Release|Any CPU = Release|Any CPU
	EndGlobalSection
	GlobalSection(ProjectConfigurationPlatforms) = postSolution
		{4CEB9B5C-2FFF-4BE2-A210-DDAED4D1FAEE}.Debug|Any CPU.ActiveCfg = Debug|Any CPU
		{4CEB9B5C-2FFF-4BE2-A210-DDAED4D1FAEE}.Debug|Any CPU.Build.0 = Debug|Any CPU
		{4CEB9B5C-2FFF-4BE2-A210-DDAED4D1FAEE}.Release|Any CPU.ActiveCfg = Release|Any CPU
		{4CEB9B5C-2FFF-4BE2-A210-DDAED4D1FAEE}.Release|Any CPU.Build.0 = Release|Any CPU
	EndGlobalSection
	GlobalSection(SolutionProperties) = preSolution
		HideSolutionNode = FALSE
	EndGlobalSection
	GlobalSection(ExtensibilityGlobals) = postSolution
		SolutionGuid = {99047EBC-2126-41C2-A894-7CFE690220F6}
	EndGlobalSection
EndGlobal
