
Microsoft Visual Studio Solution File, Format Version 12.00
# Visual Studio Version 16
VisualStudioVersion = 16.0.31105.61
MinimumVisualStudioVersion = 10.0.40219.1
Project("{FAE04EC0-301F-11D3-BF4B-00C04F79EFBC}") = "Project9.1", "Project9.1\Project9.1.csproj", "{1DC83085-B658-43DD-B833-1CFE5559E92D}"
EndProject
Global
	GlobalSection(SolutionConfigurationPlatforms) = preSolution
		Debug|Any CPU = Debug|Any CPU
		Release|Any CPU = Release|Any CPU
	EndGlobalSection
	GlobalSection(ProjectConfigurationPlatforms) = postSolution
		{1DC83085-B658-43DD-B833-1CFE5559E92D}.Debug|Any CPU.ActiveCfg = Debug|Any CPU
		{1DC83085-B658-43DD-B833-1CFE5559E92D}.Debug|Any CPU.Build.0 = Debug|Any CPU
		{1DC83085-B658-43DD-B833-1CFE5559E92D}.Release|Any CPU.ActiveCfg = Release|Any CPU
		{1DC83085-B658-43DD-B833-1CFE5559E92D}.Release|Any CPU.Build.0 = Release|Any CPU
	EndGlobalSection
	GlobalSection(SolutionProperties) = preSolution
		HideSolutionNode = FALSE
	EndGlobalSection
	GlobalSection(ExtensibilityGlobals) = postSolution
		SolutionGuid = {EE71C9E1-7AF7-4E8E-99F6-A9E4998B19EF}
	EndGlobalSection
EndGlobal
