
Microsoft Visual Studio Solution File, Format Version 12.00
# Visual Studio Version 17
VisualStudioVersion = 17.0.31912.275
MinimumVisualStudioVersion = 10.0.40219.1
Project("{FAE04EC0-301F-11D3-BF4B-00C04F79EFBC}") = "ject_9.1", "ject_9.1\ject_9.1.csproj", "{DD8E41F7-4960-44B0-A28D-158EA7530CDE}"
EndProject
Global
	GlobalSection(SolutionConfigurationPlatforms) = preSolution
		Debug|Any CPU = Debug|Any CPU
		Release|Any CPU = Release|Any CPU
	EndGlobalSection
	GlobalSection(ProjectConfigurationPlatforms) = postSolution
		{DD8E41F7-4960-44B0-A28D-158EA7530CDE}.Debug|Any CPU.ActiveCfg = Debug|Any CPU
		{DD8E41F7-4960-44B0-A28D-158EA7530CDE}.Debug|Any CPU.Build.0 = Debug|Any CPU
		{DD8E41F7-4960-44B0-A28D-158EA7530CDE}.Release|Any CPU.ActiveCfg = Release|Any CPU
		{DD8E41F7-4960-44B0-A28D-158EA7530CDE}.Release|Any CPU.Build.0 = Release|Any CPU
	EndGlobalSection
	GlobalSection(SolutionProperties) = preSolution
		HideSolutionNode = FALSE
	EndGlobalSection
	GlobalSection(ExtensibilityGlobals) = postSolution
		SolutionGuid = {2B89AD83-E960-460C-8D0C-E36977F7CFAB}
	EndGlobalSection
EndGlobal
