
Microsoft Visual Studio Solution File, Format Version 12.00
# Visual Studio Version 16
VisualStudioVersion = 16.0.31105.61
MinimumVisualStudioVersion = 10.0.40219.1
Project("{FAE04EC0-301F-11D3-BF4B-00C04F79EFBC}") = "Project 9.2", "Project 9.2\Project 9.2.csproj", "{3147880C-8D93-47CF-9A34-64DDF514077E}"
EndProject
Global
	GlobalSection(SolutionConfigurationPlatforms) = preSolution
		Debug|Any CPU = Debug|Any CPU
		Release|Any CPU = Release|Any CPU
	EndGlobalSection
	GlobalSection(ProjectConfigurationPlatforms) = postSolution
		{3147880C-8D93-47CF-9A34-64DDF514077E}.Debug|Any CPU.ActiveCfg = Debug|Any CPU
		{3147880C-8D93-47CF-9A34-64DDF514077E}.Debug|Any CPU.Build.0 = Debug|Any CPU
		{3147880C-8D93-47CF-9A34-64DDF514077E}.Release|Any CPU.ActiveCfg = Release|Any CPU
		{3147880C-8D93-47CF-9A34-64DDF514077E}.Release|Any CPU.Build.0 = Release|Any CPU
	EndGlobalSection
	GlobalSection(SolutionProperties) = preSolution
		HideSolutionNode = FALSE
	EndGlobalSection
	GlobalSection(ExtensibilityGlobals) = postSolution
		SolutionGuid = {3750B7EA-39D1-456F-8FED-C0A3416838A6}
	EndGlobalSection
EndGlobal
