
Microsoft Visual Studio Solution File, Format Version 12.00
# Visual Studio Version 17
VisualStudioVersion = 17.0.32112.339
MinimumVisualStudioVersion = 10.0.40219.1
Project("{FAE04EC0-301F-11D3-BF4B-00C04F79EFBC}") = "Project9.1", "Project9.1\Project9.1.csproj", "{5F643809-7FAB-40DB-A6AA-D8F51C14DE5D}"
EndProject
Global
	GlobalSection(SolutionConfigurationPlatforms) = preSolution
		Debug|Any CPU = Debug|Any CPU
		Release|Any CPU = Release|Any CPU
	EndGlobalSection
	GlobalSection(ProjectConfigurationPlatforms) = postSolution
		{5F643809-7FAB-40DB-A6AA-D8F51C14DE5D}.Debug|Any CPU.ActiveCfg = Debug|Any CPU
		{5F643809-7FAB-40DB-A6AA-D8F51C14DE5D}.Debug|Any CPU.Build.0 = Debug|Any CPU
		{5F643809-7FAB-40DB-A6AA-D8F51C14DE5D}.Release|Any CPU.ActiveCfg = Release|Any CPU
		{5F643809-7FAB-40DB-A6AA-D8F51C14DE5D}.Release|Any CPU.Build.0 = Release|Any CPU
	EndGlobalSection
	GlobalSection(SolutionProperties) = preSolution
		HideSolutionNode = FALSE
	EndGlobalSection
	GlobalSection(ExtensibilityGlobals) = postSolution
		SolutionGuid = {5F41A03F-940B-4B76-AF8D-565D52DA61AD}
	EndGlobalSection
EndGlobal
