
Microsoft Visual Studio Solution File, Format Version 12.00
# Visual Studio Version 16
VisualStudioVersion = 16.0.31729.503
MinimumVisualStudioVersion = 10.0.40219.1
Project("{FAE04EC0-301F-11D3-BF4B-00C04F79EFBC}") = "project 9.1", "project 9.1\project 9.1.csproj", "{DD2DA840-3574-46A0-A4F3-083385C16FB0}"
EndProject
Global
	GlobalSection(SolutionConfigurationPlatforms) = preSolution
		Debug|Any CPU = Debug|Any CPU
		Release|Any CPU = Release|Any CPU
	EndGlobalSection
	GlobalSection(ProjectConfigurationPlatforms) = postSolution
		{DD2DA840-3574-46A0-A4F3-083385C16FB0}.Debug|Any CPU.ActiveCfg = Debug|Any CPU
		{DD2DA840-3574-46A0-A4F3-083385C16FB0}.Debug|Any CPU.Build.0 = Debug|Any CPU
		{DD2DA840-3574-46A0-A4F3-083385C16FB0}.Release|Any CPU.ActiveCfg = Release|Any CPU
		{DD2DA840-3574-46A0-A4F3-083385C16FB0}.Release|Any CPU.Build.0 = Release|Any CPU
	EndGlobalSection
	GlobalSection(SolutionProperties) = preSolution
		HideSolutionNode = FALSE
	EndGlobalSection
	GlobalSection(ExtensibilityGlobals) = postSolution
		SolutionGuid = {C8C599C8-045F-492B-99EE-8DFF054AD10F}
	EndGlobalSection
EndGlobal
